
Microsoft Visual Studio Solution File, Format Version 12.00
Project("{FAE04EC0-301F-11D3-BF4B-00C04F79EFBC}") = "IS 413", "IS 413\IS 413.csproj", "{302BDC8B-03DB-47B9-AB05-25C59D648FBA}"
EndProject
Project("{FAE04EC0-301F-11D3-BF4B-00C04F79EFBC}") = "Mission2_MadisonPalmer", "Mission2_MadisonPalmer\Mission2_MadisonPalmer.csproj", "{CC5FB933-760D-4378-AF8A-632CAE0FADA5}"
EndProject
Global
	GlobalSection(SolutionConfigurationPlatforms) = preSolution
		Debug|Any CPU = Debug|Any CPU
		Release|Any CPU = Release|Any CPU
	EndGlobalSection
	GlobalSection(ProjectConfigurationPlatforms) = postSolution
		{302BDC8B-03DB-47B9-AB05-25C59D648FBA}.Debug|Any CPU.ActiveCfg = Debug|Any CPU
		{302BDC8B-03DB-47B9-AB05-25C59D648FBA}.Debug|Any CPU.Build.0 = Debug|Any CPU
		{302BDC8B-03DB-47B9-AB05-25C59D648FBA}.Release|Any CPU.ActiveCfg = Release|Any CPU
		{302BDC8B-03DB-47B9-AB05-25C59D648FBA}.Release|Any CPU.Build.0 = Release|Any CPU
		{CC5FB933-760D-4378-AF8A-632CAE0FADA5}.Debug|Any CPU.ActiveCfg = Debug|Any CPU
		{CC5FB933-760D-4378-AF8A-632CAE0FADA5}.Debug|Any CPU.Build.0 = Debug|Any CPU
		{CC5FB933-760D-4378-AF8A-632CAE0FADA5}.Release|Any CPU.ActiveCfg = Release|Any CPU
		{CC5FB933-760D-4378-AF8A-632CAE0FADA5}.Release|Any CPU.Build.0 = Release|Any CPU
	EndGlobalSection
EndGlobal
